
Microsoft Visual Studio Solution File, Format Version 12.00
# Visual Studio Version 17
VisualStudioVersion = 17.0.31903.59
MinimumVisualStudioVersion = 10.0.40219.1
Project("{2150E333-8FDC-42A3-9474-1A3956D46DE8}") = "Services", "Services", "{7DE5DFCB-9A3E-4F85-B664-0BF594917599}"
EndProject
Project("{2150E333-8FDC-42A3-9474-1A3956D46DE8}") = "Catalog", "Catalog", "{B0E3BBD4-0DB0-422E-A5BF-662CF7D4996E}"
EndProject
Project("{9A19103F-16F7-4668-BE54-9A1E7A4F7556}") = "Catalog.API", "Services\Catalog\Catalog.API\Catalog.API.csproj", "{185E6AA0-6823-442F-9778-21ACBA690702}"
EndProject
Project("{E53339B2-1760-4266-BCC7-CA923CBCF16C}") = "docker-compose", "docker-compose.dcproj", "{C8CB3531-A4F4-4290-974D-1DE0B6E96B5C}"
EndProject
Project("{2150E333-8FDC-42A3-9474-1A3956D46DE8}") = "Basket", "Basket", "{13AD64D6-829F-45CA-99D4-5C7C4D578822}"
EndProject
Project("{9A19103F-16F7-4668-BE54-9A1E7A4F7556}") = "Basket.API", "Services\Basket\Basket.API\Basket.API.csproj", "{F0592CB5-36AC-4FFA-A033-3BE719082E1B}"
EndProject
Project("{2150E333-8FDC-42A3-9474-1A3956D46DE8}") = "Discount", "Discount", "{7E78526E-02F3-40B1-8AC6-4CCC1F40D611}"
EndProject
Project("{9A19103F-16F7-4668-BE54-9A1E7A4F7556}") = "Discount.API", "Services\Discount\Discount.API\Discount.API.csproj", "{5B89A15F-0D43-4962-A8B1-6DDF1466ADBC}"
EndProject
Project("{9A19103F-16F7-4668-BE54-9A1E7A4F7556}") = "Discount.Grpc", "Services\Discount\Discount.Grpc\Discount.Grpc.csproj", "{A7DB4AA7-475D-4425-BACC-8674F9BAF66C}"
EndProject
Global
	GlobalSection(SolutionConfigurationPlatforms) = preSolution
		Debug|Any CPU = Debug|Any CPU
		Release|Any CPU = Release|Any CPU
	EndGlobalSection
	GlobalSection(ProjectConfigurationPlatforms) = postSolution
		{185E6AA0-6823-442F-9778-21ACBA690702}.Debug|Any CPU.ActiveCfg = Debug|Any CPU
		{185E6AA0-6823-442F-9778-21ACBA690702}.Debug|Any CPU.Build.0 = Debug|Any CPU
		{185E6AA0-6823-442F-9778-21ACBA690702}.Release|Any CPU.ActiveCfg = Release|Any CPU
		{185E6AA0-6823-442F-9778-21ACBA690702}.Release|Any CPU.Build.0 = Release|Any CPU
		{C8CB3531-A4F4-4290-974D-1DE0B6E96B5C}.Debug|Any CPU.ActiveCfg = Debug|Any CPU
		{C8CB3531-A4F4-4290-974D-1DE0B6E96B5C}.Debug|Any CPU.Build.0 = Debug|Any CPU
		{C8CB3531-A4F4-4290-974D-1DE0B6E96B5C}.Release|Any CPU.ActiveCfg = Release|Any CPU
		{C8CB3531-A4F4-4290-974D-1DE0B6E96B5C}.Release|Any CPU.Build.0 = Release|Any CPU
		{F0592CB5-36AC-4FFA-A033-3BE719082E1B}.Debug|Any CPU.ActiveCfg = Debug|Any CPU
		{F0592CB5-36AC-4FFA-A033-3BE719082E1B}.Debug|Any CPU.Build.0 = Debug|Any CPU
		{F0592CB5-36AC-4FFA-A033-3BE719082E1B}.Release|Any CPU.ActiveCfg = Release|Any CPU
		{F0592CB5-36AC-4FFA-A033-3BE719082E1B}.Release|Any CPU.Build.0 = Release|Any CPU
		{5B89A15F-0D43-4962-A8B1-6DDF1466ADBC}.Debug|Any CPU.ActiveCfg = Debug|Any CPU
		{5B89A15F-0D43-4962-A8B1-6DDF1466ADBC}.Debug|Any CPU.Build.0 = Debug|Any CPU
		{5B89A15F-0D43-4962-A8B1-6DDF1466ADBC}.Release|Any CPU.ActiveCfg = Release|Any CPU
		{5B89A15F-0D43-4962-A8B1-6DDF1466ADBC}.Release|Any CPU.Build.0 = Release|Any CPU
		{A7DB4AA7-475D-4425-BACC-8674F9BAF66C}.Debug|Any CPU.ActiveCfg = Debug|Any CPU
		{A7DB4AA7-475D-4425-BACC-8674F9BAF66C}.Debug|Any CPU.Build.0 = Debug|Any CPU
		{A7DB4AA7-475D-4425-BACC-8674F9BAF66C}.Release|Any CPU.ActiveCfg = Release|Any CPU
		{A7DB4AA7-475D-4425-BACC-8674F9BAF66C}.Release|Any CPU.Build.0 = Release|Any CPU
	EndGlobalSection
	GlobalSection(SolutionProperties) = preSolution
		HideSolutionNode = FALSE
	EndGlobalSection
	GlobalSection(NestedProjects) = preSolution
		{B0E3BBD4-0DB0-422E-A5BF-662CF7D4996E} = {7DE5DFCB-9A3E-4F85-B664-0BF594917599}
		{185E6AA0-6823-442F-9778-21ACBA690702} = {B0E3BBD4-0DB0-422E-A5BF-662CF7D4996E}
		{13AD64D6-829F-45CA-99D4-5C7C4D578822} = {7DE5DFCB-9A3E-4F85-B664-0BF594917599}
		{F0592CB5-36AC-4FFA-A033-3BE719082E1B} = {13AD64D6-829F-45CA-99D4-5C7C4D578822}
		{7E78526E-02F3-40B1-8AC6-4CCC1F40D611} = {7DE5DFCB-9A3E-4F85-B664-0BF594917599}
		{5B89A15F-0D43-4962-A8B1-6DDF1466ADBC} = {7E78526E-02F3-40B1-8AC6-4CCC1F40D611}
		{A7DB4AA7-475D-4425-BACC-8674F9BAF66C} = {7E78526E-02F3-40B1-8AC6-4CCC1F40D611}
	EndGlobalSection
	GlobalSection(ExtensibilityGlobals) = postSolution
		SolutionGuid = {5ED32201-2D07-4511-8221-B3E262B7286D}
	EndGlobalSection
EndGlobal
